// !$*UTF8*$!
{
	archiveVersion = 1;
	classes = {
	};
	objectVersion = 56;
	objects = {

/* Begin PBXBuildFile section */
		77008E912AA1077600EF0C34 /* GroupTasks.swift in Sources */ = {isa = PBXBuildFile; fileRef = 77008E902AA1077600EF0C34 /* GroupTasks.swift */; };
		77053C572A9ACF6F004045E8 /* BasicsClosure.swift in Sources */ = {isa = PBXBuildFile; fileRef = 77053C562A9ACF6F004045E8 /* BasicsClosure.swift */; };
		771D93592A951E56004C4DA3 /* MutableCollections.swift in Sources */ = {isa = PBXBuildFile; fileRef = 771D93582A951E56004C4DA3 /* MutableCollections.swift */; };
		771D935B2A951E78004C4DA3 /* MutableCollectionsTests.swift in Sources */ = {isa = PBXBuildFile; fileRef = 771D935A2A951E78004C4DA3 /* MutableCollectionsTests.swift */; };
		771D935D2A9521DD004C4DA3 /* MutableCollectionActor.swift in Sources */ = {isa = PBXBuildFile; fileRef = 771D935C2A9521DD004C4DA3 /* MutableCollectionActor.swift */; };
		771D935F2A952208004C4DA3 /* ActorCollectionTests.swift in Sources */ = {isa = PBXBuildFile; fileRef = 771D935E2A952208004C4DA3 /* ActorCollectionTests.swift */; };
		7726CB3E2A9FD6FE00D28087 /* GetImage.swift in Sources */ = {isa = PBXBuildFile; fileRef = 7726CB3D2A9FD6FE00D28087 /* GetImage.swift */; };
		7726CB402A9FDBF600D28087 /* Async-let-Task-Tree.swift in Sources */ = {isa = PBXBuildFile; fileRef = 7726CB3F2A9FDBF600D28087 /* Async-let-Task-Tree.swift */; };
		77476B7C2A95131B00BA0EF1 /* ActorTests.swift in Sources */ = {isa = PBXBuildFile; fileRef = 77476B7B2A95131B00BA0EF1 /* ActorTests.swift */; };
		775C6B1A2A9E622900E6E644 /* Async-let-Tasks-Cancellation.swift in Sources */ = {isa = PBXBuildFile; fileRef = 775C6B192A9E622900E6E644 /* Async-let-Tasks-Cancellation.swift */; };
		77753DB02A9508F500C30F16 /* TaskPriority+Random.swift in Sources */ = {isa = PBXBuildFile; fileRef = 77753DAF2A9508F500C30F16 /* TaskPriority+Random.swift */; };
		77753DB22A95091200C30F16 /* MutableActorClass.swift in Sources */ = {isa = PBXBuildFile; fileRef = 77753DB12A95091200C30F16 /* MutableActorClass.swift */; };
		7778E44C2A9CEC2300B056DF /* AsyncStream-Delegate.swift in Sources */ = {isa = PBXBuildFile; fileRef = 7778E44B2A9CEC2300B056DF /* AsyncStream-Delegate.swift */; };
		7778E44F2A9D167700B056DF /* Async-let-Tasks.swift in Sources */ = {isa = PBXBuildFile; fileRef = 7778E44E2A9D167700B056DF /* Async-let-Tasks.swift */; };
		7778E4512A9D16F300B056DF /* GetFactNumber.swift in Sources */ = {isa = PBXBuildFile; fileRef = 7778E4502A9D16F300B056DF /* GetFactNumber.swift */; };
		777B79052A9A629300995864 /* AsyncStreamURL.swift in Sources */ = {isa = PBXBuildFile; fileRef = 777B79042A9A629300995864 /* AsyncStreamURL.swift */; };
		77CF3D082A995B3D001E05AE /* Basics.swift in Sources */ = {isa = PBXBuildFile; fileRef = 77CF3D072A995B3D001E05AE /* Basics.swift */; };
		77CF3D0A2A995CC8001E05AE /* GetRandomUser.swift in Sources */ = {isa = PBXBuildFile; fileRef = 77CF3D092A995CC8001E05AE /* GetRandomUser.swift */; };
		77CF3D0C2A996A6E001E05AE /* AsyncStream-Unfolding.swift in Sources */ = {isa = PBXBuildFile; fileRef = 77CF3D0B2A996A6E001E05AE /* AsyncStream-Unfolding.swift */; };
		77F57B7C2A94144300852C88 /* SwiftConcurrencyDemoApp.swift in Sources */ = {isa = PBXBuildFile; fileRef = 77F57B7B2A94144300852C88 /* SwiftConcurrencyDemoApp.swift */; };
		77F57B7E2A94144300852C88 /* RootView.swift in Sources */ = {isa = PBXBuildFile; fileRef = 77F57B7D2A94144300852C88 /* RootView.swift */; };
		77F57B802A94144500852C88 /* Assets.xcassets in Resources */ = {isa = PBXBuildFile; fileRef = 77F57B7F2A94144500852C88 /* Assets.xcassets */; };
		77F57B842A94144500852C88 /* Preview Assets.xcassets in Resources */ = {isa = PBXBuildFile; fileRef = 77F57B832A94144500852C88 /* Preview Assets.xcassets */; };
		77F57B8E2A94144500852C88 /* MutableClassTests.swift in Sources */ = {isa = PBXBuildFile; fileRef = 77F57B8D2A94144500852C88 /* MutableClassTests.swift */; };
		77F57BA72A9415A400852C88 /* MutableClass.swift in Sources */ = {isa = PBXBuildFile; fileRef = 77F57BA62A9415A400852C88 /* MutableClass.swift */; };
		77F57BA92A94191E00852C88 /* IsTesting.swift in Sources */ = {isa = PBXBuildFile; fileRef = 77F57BA82A94191E00852C88 /* IsTesting.swift */; };
/* End PBXBuildFile section */

/* Begin PBXContainerItemProxy section */
		77F57B8A2A94144500852C88 /* PBXContainerItemProxy */ = {
			isa = PBXContainerItemProxy;
			containerPortal = 77F57B702A94144300852C88 /* Project object */;
			proxyType = 1;
			remoteGlobalIDString = 77F57B772A94144300852C88;
			remoteInfo = ActorDemo;
		};
/* End PBXContainerItemProxy section */

/* Begin PBXFileReference section */
		77008E902AA1077600EF0C34 /* GroupTasks.swift */ = {isa = PBXFileReference; lastKnownFileType = sourcecode.swift; path = GroupTasks.swift; sourceTree = "<group>"; };
		77053C562A9ACF6F004045E8 /* BasicsClosure.swift */ = {isa = PBXFileReference; lastKnownFileType = sourcecode.swift; path = BasicsClosure.swift; sourceTree = "<group>"; };
		771D93582A951E56004C4DA3 /* MutableCollections.swift */ = {isa = PBXFileReference; lastKnownFileType = sourcecode.swift; path = MutableCollections.swift; sourceTree = "<group>"; };
		771D935A2A951E78004C4DA3 /* MutableCollectionsTests.swift */ = {isa = PBXFileReference; lastKnownFileType = sourcecode.swift; path = MutableCollectionsTests.swift; sourceTree = "<group>"; };
		771D935C2A9521DD004C4DA3 /* MutableCollectionActor.swift */ = {isa = PBXFileReference; lastKnownFileType = sourcecode.swift; path = MutableCollectionActor.swift; sourceTree = "<group>"; };
		771D935E2A952208004C4DA3 /* ActorCollectionTests.swift */ = {isa = PBXFileReference; lastKnownFileType = sourcecode.swift; path = ActorCollectionTests.swift; sourceTree = "<group>"; };
		7726CB3D2A9FD6FE00D28087 /* GetImage.swift */ = {isa = PBXFileReference; lastKnownFileType = sourcecode.swift; path = GetImage.swift; sourceTree = "<group>"; };
		7726CB3F2A9FDBF600D28087 /* Async-let-Task-Tree.swift */ = {isa = PBXFileReference; lastKnownFileType = sourcecode.swift; path = "Async-let-Task-Tree.swift"; sourceTree = "<group>"; };
		77476B7B2A95131B00BA0EF1 /* ActorTests.swift */ = {isa = PBXFileReference; lastKnownFileType = sourcecode.swift; path = ActorTests.swift; sourceTree = "<group>"; };
		775C6B192A9E622900E6E644 /* Async-let-Tasks-Cancellation.swift */ = {isa = PBXFileReference; lastKnownFileType = sourcecode.swift; path = "Async-let-Tasks-Cancellation.swift"; sourceTree = "<group>"; };
		77753DAF2A9508F500C30F16 /* TaskPriority+Random.swift */ = {isa = PBXFileReference; lastKnownFileType = sourcecode.swift; path = "TaskPriority+Random.swift"; sourceTree = "<group>"; };
		77753DB12A95091200C30F16 /* MutableActorClass.swift */ = {isa = PBXFileReference; lastKnownFileType = sourcecode.swift; path = MutableActorClass.swift; sourceTree = "<group>"; };
		7778E44B2A9CEC2300B056DF /* AsyncStream-Delegate.swift */ = {isa = PBXFileReference; lastKnownFileType = sourcecode.swift; path = "AsyncStream-Delegate.swift"; sourceTree = "<group>"; };
		7778E44E2A9D167700B056DF /* Async-let-Tasks.swift */ = {isa = PBXFileReference; lastKnownFileType = sourcecode.swift; path = "Async-let-Tasks.swift"; sourceTree = "<group>"; };
		7778E4502A9D16F300B056DF /* GetFactNumber.swift */ = {isa = PBXFileReference; lastKnownFileType = sourcecode.swift; path = GetFactNumber.swift; sourceTree = "<group>"; };
		7778E4532A9D1A8B00B056DF /* Info.plist */ = {isa = PBXFileReference; lastKnownFileType = text.plist; path = Info.plist; sourceTree = "<group>"; };
		777B79042A9A629300995864 /* AsyncStreamURL.swift */ = {isa = PBXFileReference; lastKnownFileType = sourcecode.swift; path = AsyncStreamURL.swift; sourceTree = "<group>"; };
		77CF3D072A995B3D001E05AE /* Basics.swift */ = {isa = PBXFileReference; lastKnownFileType = sourcecode.swift; path = Basics.swift; sourceTree = "<group>"; };
		77CF3D092A995CC8001E05AE /* GetRandomUser.swift */ = {isa = PBXFileReference; lastKnownFileType = sourcecode.swift; path = GetRandomUser.swift; sourceTree = "<group>"; };
		77CF3D0B2A996A6E001E05AE /* AsyncStream-Unfolding.swift */ = {isa = PBXFileReference; lastKnownFileType = sourcecode.swift; path = "AsyncStream-Unfolding.swift"; sourceTree = "<group>"; };
		77F57B782A94144300852C88 /* SwiftConcurrencyDemo.app */ = {isa = PBXFileReference; explicitFileType = wrapper.application; includeInIndex = 0; path = SwiftConcurrencyDemo.app; sourceTree = BUILT_PRODUCTS_DIR; };
		77F57B7B2A94144300852C88 /* SwiftConcurrencyDemoApp.swift */ = {isa = PBXFileReference; lastKnownFileType = sourcecode.swift; path = SwiftConcurrencyDemoApp.swift; sourceTree = "<group>"; };
		77F57B7D2A94144300852C88 /* RootView.swift */ = {isa = PBXFileReference; lastKnownFileType = sourcecode.swift; path = RootView.swift; sourceTree = "<group>"; };
		77F57B7F2A94144500852C88 /* Assets.xcassets */ = {isa = PBXFileReference; lastKnownFileType = folder.assetcatalog; path = Assets.xcassets; sourceTree = "<group>"; };
		77F57B812A94144500852C88 /* ActorDemo.entitlements */ = {isa = PBXFileReference; lastKnownFileType = text.plist.entitlements; path = ActorDemo.entitlements; sourceTree = "<group>"; };
		77F57B832A94144500852C88 /* Preview Assets.xcassets */ = {isa = PBXFileReference; lastKnownFileType = folder.assetcatalog; path = "Preview Assets.xcassets"; sourceTree = "<group>"; };
		77F57B892A94144500852C88 /* SwiftConcurrencyDemoTests.xctest */ = {isa = PBXFileReference; explicitFileType = wrapper.cfbundle; includeInIndex = 0; path = SwiftConcurrencyDemoTests.xctest; sourceTree = BUILT_PRODUCTS_DIR; };
		77F57B8D2A94144500852C88 /* MutableClassTests.swift */ = {isa = PBXFileReference; lastKnownFileType = sourcecode.swift; path = MutableClassTests.swift; sourceTree = "<group>"; };
		77F57BA62A9415A400852C88 /* MutableClass.swift */ = {isa = PBXFileReference; lastKnownFileType = sourcecode.swift; path = MutableClass.swift; sourceTree = "<group>"; };
		77F57BA82A94191E00852C88 /* IsTesting.swift */ = {isa = PBXFileReference; lastKnownFileType = sourcecode.swift; path = IsTesting.swift; sourceTree = "<group>"; };
		77F57BAA2A941ACD00852C88 /* ActorDemo.xctestplan */ = {isa = PBXFileReference; lastKnownFileType = text; path = ActorDemo.xctestplan; sourceTree = "<group>"; };
/* End PBXFileReference section */

/* Begin PBXFrameworksBuildPhase section */
		77F57B752A94144300852C88 /* Frameworks */ = {
			isa = PBXFrameworksBuildPhase;
			buildActionMask = 2147483647;
			files = (
			);
			runOnlyForDeploymentPostprocessing = 0;
		};
		77F57B862A94144500852C88 /* Frameworks */ = {
			isa = PBXFrameworksBuildPhase;
			buildActionMask = 2147483647;
			files = (
			);
			runOnlyForDeploymentPostprocessing = 0;
		};
/* End PBXFrameworksBuildPhase section */

/* Begin PBXGroup section */
		77008E922AA13FB600EF0C34 /* FetchApiExamples */ = {
			isa = PBXGroup;
			children = (
				7778E4502A9D16F300B056DF /* GetFactNumber.swift */,
				77CF3D092A995CC8001E05AE /* GetRandomUser.swift */,
				7726CB3D2A9FD6FE00D28087 /* GetImage.swift */,
			);
			path = FetchApiExamples;
			sourceTree = "<group>";
		};
		7778E44D2A9D163000B056DF /* 02-StructuredConcurrency */ = {
			isa = PBXGroup;
			children = (
				7778E44E2A9D167700B056DF /* Async-let-Tasks.swift */,
				775C6B192A9E622900E6E644 /* Async-let-Tasks-Cancellation.swift */,
				7726CB3F2A9FDBF600D28087 /* Async-let-Task-Tree.swift */,
				77008E902AA1077600EF0C34 /* GroupTasks.swift */,
			);
			path = "02-StructuredConcurrency";
			sourceTree = "<group>";
		};
		7778E4542A9D1FE900B056DF /* 03-AsyncStream */ = {
			isa = PBXGroup;
			children = (
				77CF3D0B2A996A6E001E05AE /* AsyncStream-Unfolding.swift */,
				777B79042A9A629300995864 /* AsyncStreamURL.swift */,
				7778E44B2A9CEC2300B056DF /* AsyncStream-Delegate.swift */,
			);
			path = "03-AsyncStream";
			sourceTree = "<group>";
		};
		77CF3D052A994ADB001E05AE /* 04-Actor */ = {
			isa = PBXGroup;
			children = (
				77F57BA62A9415A400852C88 /* MutableClass.swift */,
				77753DB12A95091200C30F16 /* MutableActorClass.swift */,
				771D93582A951E56004C4DA3 /* MutableCollections.swift */,
				771D935C2A9521DD004C4DA3 /* MutableCollectionActor.swift */,
			);
			path = "04-Actor";
			sourceTree = "<group>";
		};
		77CF3D062A995B2B001E05AE /* 01-Basics */ = {
			isa = PBXGroup;
			children = (
				77CF3D072A995B3D001E05AE /* Basics.swift */,
				77053C562A9ACF6F004045E8 /* BasicsClosure.swift */,
			);
			path = "01-Basics";
			sourceTree = "<group>";
		};
		77F57B6F2A94144300852C88 = {
			isa = PBXGroup;
			children = (
				77F57B7A2A94144300852C88 /* SwiftConcurrencyDemo */,
				77F57B8C2A94144500852C88 /* SwiftConcurrencyDemoTests */,
				77F57B792A94144300852C88 /* Products */,
			);
			sourceTree = "<group>";
		};
		77F57B792A94144300852C88 /* Products */ = {
			isa = PBXGroup;
			children = (
				77F57B782A94144300852C88 /* SwiftConcurrencyDemo.app */,
				77F57B892A94144500852C88 /* SwiftConcurrencyDemoTests.xctest */,
			);
			name = Products;
			sourceTree = "<group>";
		};
		77F57B7A2A94144300852C88 /* SwiftConcurrencyDemo */ = {
			isa = PBXGroup;
			children = (
				7778E4532A9D1A8B00B056DF /* Info.plist */,
				77CF3D062A995B2B001E05AE /* 01-Basics */,
				7778E44D2A9D163000B056DF /* 02-StructuredConcurrency */,
				7778E4542A9D1FE900B056DF /* 03-AsyncStream */,
				77CF3D052A994ADB001E05AE /* 04-Actor */,
				77008E922AA13FB600EF0C34 /* FetchApiExamples */,
				77F57B7B2A94144300852C88 /* SwiftConcurrencyDemoApp.swift */,
				77F57B7D2A94144300852C88 /* RootView.swift */,
				77F57BA82A94191E00852C88 /* IsTesting.swift */,
				77F57B7F2A94144500852C88 /* Assets.xcassets */,
				77F57B812A94144500852C88 /* ActorDemo.entitlements */,
				77F57B822A94144500852C88 /* Preview Content */,
			);
			path = SwiftConcurrencyDemo;
			sourceTree = "<group>";
		};
		77F57B822A94144500852C88 /* Preview Content */ = {
			isa = PBXGroup;
			children = (
				77F57B832A94144500852C88 /* Preview Assets.xcassets */,
			);
			path = "Preview Content";
			sourceTree = "<group>";
		};
		77F57B8C2A94144500852C88 /* SwiftConcurrencyDemoTests */ = {
			isa = PBXGroup;
			children = (
				77F57BAA2A941ACD00852C88 /* ActorDemo.xctestplan */,
				77F57B8D2A94144500852C88 /* MutableClassTests.swift */,
				771D935A2A951E78004C4DA3 /* MutableCollectionsTests.swift */,
				77476B7B2A95131B00BA0EF1 /* ActorTests.swift */,
				771D935E2A952208004C4DA3 /* ActorCollectionTests.swift */,
				77753DAF2A9508F500C30F16 /* TaskPriority+Random.swift */,
			);
			path = SwiftConcurrencyDemoTests;
			sourceTree = "<group>";
		};
/* End PBXGroup section */

/* Begin PBXNativeTarget section */
		77F57B772A94144300852C88 /* SwiftConcurrencyDemo */ = {
			isa = PBXNativeTarget;
			buildConfigurationList = 77F57B9D2A94144500852C88 /* Build configuration list for PBXNativeTarget "SwiftConcurrencyDemo" */;
			buildPhases = (
				77F57B742A94144300852C88 /* Sources */,
				77F57B752A94144300852C88 /* Frameworks */,
				77F57B762A94144300852C88 /* Resources */,
			);
			buildRules = (
			);
			dependencies = (
			);
			name = SwiftConcurrencyDemo;
			productName = ActorDemo;
			productReference = 77F57B782A94144300852C88 /* SwiftConcurrencyDemo.app */;
			productType = "com.apple.product-type.application";
		};
		77F57B882A94144500852C88 /* SwiftConcurrencyDemoTests */ = {
			isa = PBXNativeTarget;
			buildConfigurationList = 77F57BA02A94144500852C88 /* Build configuration list for PBXNativeTarget "SwiftConcurrencyDemoTests" */;
			buildPhases = (
				77F57B852A94144500852C88 /* Sources */,
				77F57B862A94144500852C88 /* Frameworks */,
				77F57B872A94144500852C88 /* Resources */,
			);
			buildRules = (
			);
			dependencies = (
				77F57B8B2A94144500852C88 /* PBXTargetDependency */,
			);
			name = SwiftConcurrencyDemoTests;
			productName = ActorDemoTests;
			productReference = 77F57B892A94144500852C88 /* SwiftConcurrencyDemoTests.xctest */;
			productType = "com.apple.product-type.bundle.unit-test";
		};
/* End PBXNativeTarget section */

/* Begin PBXProject section */
		77F57B702A94144300852C88 /* Project object */ = {
			isa = PBXProject;
			attributes = {
				BuildIndependentTargetsInParallel = 1;
				LastSwiftUpdateCheck = 1500;
				LastUpgradeCheck = 1500;
				TargetAttributes = {
					77F57B772A94144300852C88 = {
						CreatedOnToolsVersion = 15.0;
					};
					77F57B882A94144500852C88 = {
						CreatedOnToolsVersion = 15.0;
						TestTargetID = 77F57B772A94144300852C88;
					};
				};
			};
			buildConfigurationList = 77F57B732A94144300852C88 /* Build configuration list for PBXProject "SwiftConcurrencyDemo" */;
			compatibilityVersion = "Xcode 14.0";
			developmentRegion = en;
			hasScannedForEncodings = 0;
			knownRegions = (
				en,
				Base,
			);
			mainGroup = 77F57B6F2A94144300852C88;
			productRefGroup = 77F57B792A94144300852C88 /* Products */;
			projectDirPath = "";
			projectRoot = "";
			targets = (
				77F57B772A94144300852C88 /* SwiftConcurrencyDemo */,
				77F57B882A94144500852C88 /* SwiftConcurrencyDemoTests */,
			);
		};
/* End PBXProject section */

/* Begin PBXResourcesBuildPhase section */
		77F57B762A94144300852C88 /* Resources */ = {
			isa = PBXResourcesBuildPhase;
			buildActionMask = 2147483647;
			files = (
				77F57B842A94144500852C88 /* Preview Assets.xcassets in Resources */,
				77F57B802A94144500852C88 /* Assets.xcassets in Resources */,
			);
			runOnlyForDeploymentPostprocessing = 0;
		};
		77F57B872A94144500852C88 /* Resources */ = {
			isa = PBXResourcesBuildPhase;
			buildActionMask = 2147483647;
			files = (
			);
			runOnlyForDeploymentPostprocessing = 0;
		};
/* End PBXResourcesBuildPhase section */

/* Begin PBXSourcesBuildPhase section */
		77F57B742A94144300852C88 /* Sources */ = {
			isa = PBXSourcesBuildPhase;
			buildActionMask = 2147483647;
			files = (
				7778E44C2A9CEC2300B056DF /* AsyncStream-Delegate.swift in Sources */,
				77008E912AA1077600EF0C34 /* GroupTasks.swift in Sources */,
				7778E44F2A9D167700B056DF /* Async-let-Tasks.swift in Sources */,
				775C6B1A2A9E622900E6E644 /* Async-let-Tasks-Cancellation.swift in Sources */,
				77CF3D0A2A995CC8001E05AE /* GetRandomUser.swift in Sources */,
				771D93592A951E56004C4DA3 /* MutableCollections.swift in Sources */,
				777B79052A9A629300995864 /* AsyncStreamURL.swift in Sources */,
				7778E4512A9D16F300B056DF /* GetFactNumber.swift in Sources */,
				771D935D2A9521DD004C4DA3 /* MutableCollectionActor.swift in Sources */,
				77F57BA92A94191E00852C88 /* IsTesting.swift in Sources */,
				7726CB3E2A9FD6FE00D28087 /* GetImage.swift in Sources */,
				77053C572A9ACF6F004045E8 /* BasicsClosure.swift in Sources */,
				77CF3D0C2A996A6E001E05AE /* AsyncStream-Unfolding.swift in Sources */,
				77753DB22A95091200C30F16 /* MutableActorClass.swift in Sources */,
				7726CB402A9FDBF600D28087 /* Async-let-Task-Tree.swift in Sources */,
				77CF3D082A995B3D001E05AE /* Basics.swift in Sources */,
				77F57BA72A9415A400852C88 /* MutableClass.swift in Sources */,
				77F57B7E2A94144300852C88 /* RootView.swift in Sources */,
				77F57B7C2A94144300852C88 /* SwiftConcurrencyDemoApp.swift in Sources */,
			);
			runOnlyForDeploymentPostprocessing = 0;
		};
		77F57B852A94144500852C88 /* Sources */ = {
			isa = PBXSourcesBuildPhase;
			buildActionMask = 2147483647;
			files = (
				77476B7C2A95131B00BA0EF1 /* ActorTests.swift in Sources */,
				77F57B8E2A94144500852C88 /* MutableClassTests.swift in Sources */,
				771D935F2A952208004C4DA3 /* ActorCollectionTests.swift in Sources */,
				771D935B2A951E78004C4DA3 /* MutableCollectionsTests.swift in Sources */,
				77753DB02A9508F500C30F16 /* TaskPriority+Random.swift in Sources */,
			);
			runOnlyForDeploymentPostprocessing = 0;
		};
/* End PBXSourcesBuildPhase section */

/* Begin PBXTargetDependency section */
		77F57B8B2A94144500852C88 /* PBXTargetDependency */ = {
			isa = PBXTargetDependency;
			target = 77F57B772A94144300852C88 /* SwiftConcurrencyDemo */;
			targetProxy = 77F57B8A2A94144500852C88 /* PBXContainerItemProxy */;
		};
/* End PBXTargetDependency section */

/* Begin XCBuildConfiguration section */
		77F57B9B2A94144500852C88 /* Debug */ = {
			isa = XCBuildConfiguration;
			buildSettings = {
				ALWAYS_SEARCH_USER_PATHS = NO;
				ASSETCATALOG_COMPILER_GENERATE_SWIFT_ASSET_SYMBOL_EXTENSIONS = YES;
				CLANG_ANALYZER_NONNULL = YES;
				CLANG_ANALYZER_NUMBER_OBJECT_CONVERSION = YES_AGGRESSIVE;
				CLANG_CXX_LANGUAGE_STANDARD = "gnu++20";
				CLANG_ENABLE_MODULES = YES;
				CLANG_ENABLE_OBJC_ARC = YES;
				CLANG_ENABLE_OBJC_WEAK = YES;
				CLANG_WARN_BLOCK_CAPTURE_AUTORELEASING = YES;
				CLANG_WARN_BOOL_CONVERSION = YES;
				CLANG_WARN_COMMA = YES;
				CLANG_WARN_CONSTANT_CONVERSION = YES;
				CLANG_WARN_DEPRECATED_OBJC_IMPLEMENTATIONS = YES;
				CLANG_WARN_DIRECT_OBJC_ISA_USAGE = YES_ERROR;
				CLANG_WARN_DOCUMENTATION_COMMENTS = YES;
				CLANG_WARN_EMPTY_BODY = YES;
				CLANG_WARN_ENUM_CONVERSION = YES;
				CLANG_WARN_INFINITE_RECURSION = YES;
				CLANG_WARN_INT_CONVERSION = YES;
				CLANG_WARN_NON_LITERAL_NULL_CONVERSION = YES;
				CLANG_WARN_OBJC_IMPLICIT_RETAIN_SELF = YES;
				CLANG_WARN_OBJC_LITERAL_CONVERSION = YES;
				CLANG_WARN_OBJC_ROOT_CLASS = YES_ERROR;
				CLANG_WARN_QUOTED_INCLUDE_IN_FRAMEWORK_HEADER = YES;
				CLANG_WARN_RANGE_LOOP_ANALYSIS = YES;
				CLANG_WARN_STRICT_PROTOTYPES = YES;
				CLANG_WARN_SUSPICIOUS_MOVE = YES;
				CLANG_WARN_UNGUARDED_AVAILABILITY = YES_AGGRESSIVE;
				CLANG_WARN_UNREACHABLE_CODE = YES;
				CLANG_WARN__DUPLICATE_METHOD_MATCH = YES;
				COPY_PHASE_STRIP = NO;
				DEBUG_INFORMATION_FORMAT = dwarf;
				ENABLE_STRICT_OBJC_MSGSEND = YES;
				ENABLE_TESTABILITY = YES;
				ENABLE_USER_SCRIPT_SANDBOXING = YES;
				GCC_C_LANGUAGE_STANDARD = gnu17;
				GCC_DYNAMIC_NO_PIC = NO;
				GCC_NO_COMMON_BLOCKS = YES;
				GCC_OPTIMIZATION_LEVEL = 0;
				GCC_PREPROCESSOR_DEFINITIONS = (
					"DEBUG=1",
					"$(inherited)",
				);
				GCC_WARN_64_TO_32_BIT_CONVERSION = YES;
				GCC_WARN_ABOUT_RETURN_TYPE = YES_ERROR;
				GCC_WARN_UNDECLARED_SELECTOR = YES;
				GCC_WARN_UNINITIALIZED_AUTOS = YES_AGGRESSIVE;
				GCC_WARN_UNUSED_FUNCTION = YES;
				GCC_WARN_UNUSED_VARIABLE = YES;
				LOCALIZATION_PREFERS_STRING_CATALOGS = YES;
				MTL_ENABLE_DEBUG_INFO = INCLUDE_SOURCE;
				MTL_FAST_MATH = YES;
				ONLY_ACTIVE_ARCH = YES;
				SWIFT_ACTIVE_COMPILATION_CONDITIONS = "DEBUG $(inherited)";
				SWIFT_OPTIMIZATION_LEVEL = "-Onone";
			};
			name = Debug;
		};
		77F57B9C2A94144500852C88 /* Release */ = {
			isa = XCBuildConfiguration;
			buildSettings = {
				ALWAYS_SEARCH_USER_PATHS = NO;
				ASSETCATALOG_COMPILER_GENERATE_SWIFT_ASSET_SYMBOL_EXTENSIONS = YES;
				CLANG_ANALYZER_NONNULL = YES;
				CLANG_ANALYZER_NUMBER_OBJECT_CONVERSION = YES_AGGRESSIVE;
				CLANG_CXX_LANGUAGE_STANDARD = "gnu++20";
				CLANG_ENABLE_MODULES = YES;
				CLANG_ENABLE_OBJC_ARC = YES;
				CLANG_ENABLE_OBJC_WEAK = YES;
				CLANG_WARN_BLOCK_CAPTURE_AUTORELEASING = YES;
				CLANG_WARN_BOOL_CONVERSION = YES;
				CLANG_WARN_COMMA = YES;
				CLANG_WARN_CONSTANT_CONVERSION = YES;
				CLANG_WARN_DEPRECATED_OBJC_IMPLEMENTATIONS = YES;
				CLANG_WARN_DIRECT_OBJC_ISA_USAGE = YES_ERROR;
				CLANG_WARN_DOCUMENTATION_COMMENTS = YES;
				CLANG_WARN_EMPTY_BODY = YES;
				CLANG_WARN_ENUM_CONVERSION = YES;
				CLANG_WARN_INFINITE_RECURSION = YES;
				CLANG_WARN_INT_CONVERSION = YES;
				CLANG_WARN_NON_LITERAL_NULL_CONVERSION = YES;
				CLANG_WARN_OBJC_IMPLICIT_RETAIN_SELF = YES;
				CLANG_WARN_OBJC_LITERAL_CONVERSION = YES;
				CLANG_WARN_OBJC_ROOT_CLASS = YES_ERROR;
				CLANG_WARN_QUOTED_INCLUDE_IN_FRAMEWORK_HEADER = YES;
				CLANG_WARN_RANGE_LOOP_ANALYSIS = YES;
				CLANG_WARN_STRICT_PROTOTYPES = YES;
				CLANG_WARN_SUSPICIOUS_MOVE = YES;
				CLANG_WARN_UNGUARDED_AVAILABILITY = YES_AGGRESSIVE;
				CLANG_WARN_UNREACHABLE_CODE = YES;
				CLANG_WARN__DUPLICATE_METHOD_MATCH = YES;
				COPY_PHASE_STRIP = NO;
				DEBUG_INFORMATION_FORMAT = "dwarf-with-dsym";
				ENABLE_NS_ASSERTIONS = NO;
				ENABLE_STRICT_OBJC_MSGSEND = YES;
				ENABLE_USER_SCRIPT_SANDBOXING = YES;
				GCC_C_LANGUAGE_STANDARD = gnu17;
				GCC_NO_COMMON_BLOCKS = YES;
				GCC_WARN_64_TO_32_BIT_CONVERSION = YES;
				GCC_WARN_ABOUT_RETURN_TYPE = YES_ERROR;
				GCC_WARN_UNDECLARED_SELECTOR = YES;
				GCC_WARN_UNINITIALIZED_AUTOS = YES_AGGRESSIVE;
				GCC_WARN_UNUSED_FUNCTION = YES;
				GCC_WARN_UNUSED_VARIABLE = YES;
				LOCALIZATION_PREFERS_STRING_CATALOGS = YES;
				MTL_ENABLE_DEBUG_INFO = NO;
				MTL_FAST_MATH = YES;
				SWIFT_COMPILATION_MODE = wholemodule;
			};
			name = Release;
		};
		77F57B9E2A94144500852C88 /* Debug */ = {
			isa = XCBuildConfiguration;
			buildSettings = {
				ASSETCATALOG_COMPILER_APPICON_NAME = AppIcon;
				ASSETCATALOG_COMPILER_GLOBAL_ACCENT_COLOR_NAME = AccentColor;
				CODE_SIGN_ENTITLEMENTS = SwiftConcurrencyDemo/ActorDemo.entitlements;
				CODE_SIGN_STYLE = Automatic;
				CURRENT_PROJECT_VERSION = 1;
				DEVELOPMENT_ASSET_PATHS = "\"SwiftConcurrencyDemo/Preview Content\"";
				DEVELOPMENT_TEAM = 69J5F9YP48;
				ENABLE_HARDENED_RUNTIME = YES;
				ENABLE_PREVIEWS = YES;
				GENERATE_INFOPLIST_FILE = YES;
				INFOPLIST_FILE = SwiftConcurrencyDemo/Info.plist;
				"INFOPLIST_KEY_UIApplicationSceneManifest_Generation[sdk=iphoneos*]" = YES;
				"INFOPLIST_KEY_UIApplicationSceneManifest_Generation[sdk=iphonesimulator*]" = YES;
				"INFOPLIST_KEY_UIApplicationSupportsIndirectInputEvents[sdk=iphoneos*]" = YES;
				"INFOPLIST_KEY_UIApplicationSupportsIndirectInputEvents[sdk=iphonesimulator*]" = YES;
				"INFOPLIST_KEY_UILaunchScreen_Generation[sdk=iphoneos*]" = YES;
				"INFOPLIST_KEY_UILaunchScreen_Generation[sdk=iphonesimulator*]" = YES;
				"INFOPLIST_KEY_UIStatusBarStyle[sdk=iphoneos*]" = UIStatusBarStyleDefault;
				"INFOPLIST_KEY_UIStatusBarStyle[sdk=iphonesimulator*]" = UIStatusBarStyleDefault;
				INFOPLIST_KEY_UISupportedInterfaceOrientations_iPad = "UIInterfaceOrientationPortrait UIInterfaceOrientationPortraitUpsideDown UIInterfaceOrientationLandscapeLeft UIInterfaceOrientationLandscapeRight";
				INFOPLIST_KEY_UISupportedInterfaceOrientations_iPhone = "UIInterfaceOrientationPortrait UIInterfaceOrientationLandscapeLeft UIInterfaceOrientationLandscapeRight";
				IPHONEOS_DEPLOYMENT_TARGET = 17.0;
				LD_RUNPATH_SEARCH_PATHS = "@executable_path/Frameworks";
				"LD_RUNPATH_SEARCH_PATHS[sdk=macosx*]" = "@executable_path/../Frameworks";
				MACOSX_DEPLOYMENT_TARGET = 13.4;
				MARKETING_VERSION = 1.0;
				PRODUCT_BUNDLE_IDENTIFIER = home.rcaos.new.actorDemo.ActorDemo;
				PRODUCT_NAME = "$(TARGET_NAME)";
				SDKROOT = auto;
				SUPPORTED_PLATFORMS = "iphoneos iphonesimulator macosx";
				SWIFT_EMIT_LOC_STRINGS = YES;
				SWIFT_VERSION = 5.0;
				TARGETED_DEVICE_FAMILY = "1,2";
			};
			name = Debug;
		};
		77F57B9F2A94144500852C88 /* Release */ = {
			isa = XCBuildConfiguration;
			buildSettings = {
				ASSETCATALOG_COMPILER_APPICON_NAME = AppIcon;
				ASSETCATALOG_COMPILER_GLOBAL_ACCENT_COLOR_NAME = AccentColor;
				CODE_SIGN_ENTITLEMENTS = SwiftConcurrencyDemo/ActorDemo.entitlements;
				CODE_SIGN_STYLE = Automatic;
				CURRENT_PROJECT_VERSION = 1;
				DEVELOPMENT_ASSET_PATHS = "\"SwiftConcurrencyDemo/Preview Content\"";
				DEVELOPMENT_TEAM = 69J5F9YP48;
				ENABLE_HARDENED_RUNTIME = YES;
				ENABLE_PREVIEWS = YES;
				GENERATE_INFOPLIST_FILE = YES;
				INFOPLIST_FILE = SwiftConcurrencyDemo/Info.plist;
				"INFOPLIST_KEY_UIApplicationSceneManifest_Generation[sdk=iphoneos*]" = YES;
				"INFOPLIST_KEY_UIApplicationSceneManifest_Generation[sdk=iphonesimulator*]" = YES;
				"INFOPLIST_KEY_UIApplicationSupportsIndirectInputEvents[sdk=iphoneos*]" = YES;
				"INFOPLIST_KEY_UIApplicationSupportsIndirectInputEvents[sdk=iphonesimulator*]" = YES;
				"INFOPLIST_KEY_UILaunchScreen_Generation[sdk=iphoneos*]" = YES;
				"INFOPLIST_KEY_UILaunchScreen_Generation[sdk=iphonesimulator*]" = YES;
				"INFOPLIST_KEY_UIStatusBarStyle[sdk=iphoneos*]" = UIStatusBarStyleDefault;
				"INFOPLIST_KEY_UIStatusBarStyle[sdk=iphonesimulator*]" = UIStatusBarStyleDefault;
				INFOPLIST_KEY_UISupportedInterfaceOrientations_iPad = "UIInterfaceOrientationPortrait UIInterfaceOrientationPortraitUpsideDown UIInterfaceOrientationLandscapeLeft UIInterfaceOrientationLandscapeRight";
				INFOPLIST_KEY_UISupportedInterfaceOrientations_iPhone = "UIInterfaceOrientationPortrait UIInterfaceOrientationLandscapeLeft UIInterfaceOrientationLandscapeRight";
				IPHONEOS_DEPLOYMENT_TARGET = 17.0;
				LD_RUNPATH_SEARCH_PATHS = "@executable_path/Frameworks";
				"LD_RUNPATH_SEARCH_PATHS[sdk=macosx*]" = "@executable_path/../Frameworks";
				MACOSX_DEPLOYMENT_TARGET = 13.4;
				MARKETING_VERSION = 1.0;
				PRODUCT_BUNDLE_IDENTIFIER = home.rcaos.new.actorDemo.ActorDemo;
				PRODUCT_NAME = "$(TARGET_NAME)";
				SDKROOT = auto;
				SUPPORTED_PLATFORMS = "iphoneos iphonesimulator macosx";
				SWIFT_EMIT_LOC_STRINGS = YES;
				SWIFT_VERSION = 5.0;
				TARGETED_DEVICE_FAMILY = "1,2";
			};
			name = Release;
		};
		77F57BA12A94144500852C88 /* Debug */ = {
			isa = XCBuildConfiguration;
			buildSettings = {
				ALWAYS_EMBED_SWIFT_STANDARD_LIBRARIES = YES;
				BUNDLE_LOADER = "$(TEST_HOST)";
				CODE_SIGN_STYLE = Automatic;
				CURRENT_PROJECT_VERSION = 1;
				DEVELOPMENT_TEAM = 69J5F9YP48;
				GENERATE_INFOPLIST_FILE = YES;
				INFOPLIST_FILE = SwiftConcurrencyDemoTests/Info.plist;
				IPHONEOS_DEPLOYMENT_TARGET = 17.0;
				MACOSX_DEPLOYMENT_TARGET = 13.4;
				MARKETING_VERSION = 1.0;
				PRODUCT_BUNDLE_IDENTIFIER = home.rcaos.new.actorDemo.ActorDemoTests;
				PRODUCT_NAME = "$(TARGET_NAME)";
				SDKROOT = auto;
				SUPPORTED_PLATFORMS = "iphoneos iphonesimulator macosx";
				SWIFT_EMIT_LOC_STRINGS = NO;
				SWIFT_VERSION = 5.0;
				TARGETED_DEVICE_FAMILY = "1,2";
				TEST_HOST = "$(BUILT_PRODUCTS_DIR)/SwiftConcurrencyDemo.app/$(BUNDLE_EXECUTABLE_FOLDER_PATH)/SwiftConcurrencyDemo";
			};
			name = Debug;
		};
		77F57BA22A94144500852C88 /* Release */ = {
			isa = XCBuildConfiguration;
			buildSettings = {
				ALWAYS_EMBED_SWIFT_STANDARD_LIBRARIES = YES;
				BUNDLE_LOADER = "$(TEST_HOST)";
				CODE_SIGN_STYLE = Automatic;
				CURRENT_PROJECT_VERSION = 1;
				DEVELOPMENT_TEAM = 69J5F9YP48;
				GENERATE_INFOPLIST_FILE = YES;
				INFOPLIST_FILE = SwiftConcurrencyDemoTests/Info.plist;
				IPHONEOS_DEPLOYMENT_TARGET = 17.0;
				MACOSX_DEPLOYMENT_TARGET = 13.4;
				MARKETING_VERSION = 1.0;
				PRODUCT_BUNDLE_IDENTIFIER = home.rcaos.new.actorDemo.ActorDemoTests;
				PRODUCT_NAME = "$(TARGET_NAME)";
				SDKROOT = auto;
				SUPPORTED_PLATFORMS = "iphoneos iphonesimulator macosx";
				SWIFT_EMIT_LOC_STRINGS = NO;
				SWIFT_VERSION = 5.0;
				TARGETED_DEVICE_FAMILY = "1,2";
				TEST_HOST = "$(BUILT_PRODUCTS_DIR)/SwiftConcurrencyDemo.app/$(BUNDLE_EXECUTABLE_FOLDER_PATH)/SwiftConcurrencyDemo";
			};
			name = Release;
		};
/* End XCBuildConfiguration section */

/* Begin XCConfigurationList section */
		77F57B732A94144300852C88 /* Build configuration list for PBXProject "SwiftConcurrencyDemo" */ = {
			isa = XCConfigurationList;
			buildConfigurations = (
				77F57B9B2A94144500852C88 /* Debug */,
				77F57B9C2A94144500852C88 /* Release */,
			);
			defaultConfigurationIsVisible = 0;
			defaultConfigurationName = Release;
		};
		77F57B9D2A94144500852C88 /* Build configuration list for PBXNativeTarget "SwiftConcurrencyDemo" */ = {
			isa = XCConfigurationList;
			buildConfigurations = (
				77F57B9E2A94144500852C88 /* Debug */,
				77F57B9F2A94144500852C88 /* Release */,
			);
			defaultConfigurationIsVisible = 0;
			defaultConfigurationName = Release;
		};
		77F57BA02A94144500852C88 /* Build configuration list for PBXNativeTarget "SwiftConcurrencyDemoTests" */ = {
			isa = XCConfigurationList;
			buildConfigurations = (
				77F57BA12A94144500852C88 /* Debug */,
				77F57BA22A94144500852C88 /* Release */,
			);
			defaultConfigurationIsVisible = 0;
			defaultConfigurationName = Release;
		};
/* End XCConfigurationList section */
	};
	rootObject = 77F57B702A94144300852C88 /* Project object */;
}
